// !$*UTF8*$!
{
	archiveVersion = 1;
	classes = {
	};
	objectVersion = 50;
	objects = {

/* Begin PBXBuildFile section */
		5502B9E621E1AED0009925DE /* GoogleService-Info.plist in Resources */ = {isa = PBXBuildFile; fileRef = 5502B9E521E1AED0009925DE /* GoogleService-Info.plist */; };
		5506CD8E21E5D07900FAE63C /* Const.swift in Sources */ = {isa = PBXBuildFile; fileRef = 5506CD8D21E5D07900FAE63C /* Const.swift */; };
		5506CD9021E5D51F00FAE63C /* PostData.swift in Sources */ = {isa = PBXBuildFile; fileRef = 5506CD8F21E5D51F00FAE63C /* PostData.swift */; };
		5506CD9321E5D65200FAE63C /* PostTableViewCell.swift in Sources */ = {isa = PBXBuildFile; fileRef = 5506CD9121E5D65200FAE63C /* PostTableViewCell.swift */; };
		5506CD9421E5D65200FAE63C /* PostTableViewCell.xib in Resources */ = {isa = PBXBuildFile; fileRef = 5506CD9221E5D65200FAE63C /* PostTableViewCell.xib */; };
		5548490F21DEDB0300C563E0 /* AppDelegate.swift in Sources */ = {isa = PBXBuildFile; fileRef = 5548490E21DEDB0300C563E0 /* AppDelegate.swift */; };
		5548491121DEDB0300C563E0 /* ViewController.swift in Sources */ = {isa = PBXBuildFile; fileRef = 5548491021DEDB0300C563E0 /* ViewController.swift */; };
		5548491421DEDB0300C563E0 /* Main.storyboard in Resources */ = {isa = PBXBuildFile; fileRef = 5548491221DEDB0300C563E0 /* Main.storyboard */; };
		5548491621DEDB0600C563E0 /* Assets.xcassets in Resources */ = {isa = PBXBuildFile; fileRef = 5548491521DEDB0600C563E0 /* Assets.xcassets */; };
		5548491921DEDB0600C563E0 /* LaunchScreen.storyboard in Resources */ = {isa = PBXBuildFile; fileRef = 5548491721DEDB0600C563E0 /* LaunchScreen.storyboard */; };
		5548492121DEDB3E00C563E0 /* LoginViewController.swift in Sources */ = {isa = PBXBuildFile; fileRef = 5548492021DEDB3E00C563E0 /* LoginViewController.swift */; };
		5548492321DEDB4E00C563E0 /* HomeViewController.swift in Sources */ = {isa = PBXBuildFile; fileRef = 5548492221DEDB4E00C563E0 /* HomeViewController.swift */; };
		5548492521DEDB6500C563E0 /* ImageSelectViewController.swift in Sources */ = {isa = PBXBuildFile; fileRef = 5548492421DEDB6500C563E0 /* ImageSelectViewController.swift */; };
		5548492721DEDB7600C563E0 /* PostViewController.swift in Sources */ = {isa = PBXBuildFile; fileRef = 5548492621DEDB7600C563E0 /* PostViewController.swift */; };
		5548492921DEDB8600C563E0 /* SettingViewController.swift in Sources */ = {isa = PBXBuildFile; fileRef = 5548492821DEDB8600C563E0 /* SettingViewController.swift */; };
		AF841F8AF70EBAAC4DBF16E1 /* Pods_instagram.framework in Frameworks */ = {isa = PBXBuildFile; fileRef = A04E48E805A61D08C4AC75E6 /* Pods_instagram.framework */; };
/* End PBXBuildFile section */

/* Begin PBXFileReference section */
		5502B9E521E1AED0009925DE /* GoogleService-Info.plist */ = {isa = PBXFileReference; fileEncoding = 4; lastKnownFileType = text.plist.xml; path = "GoogleService-Info.plist"; sourceTree = "<group>"; };
		5506CD8D21E5D07900FAE63C /* Const.swift */ = {isa = PBXFileReference; lastKnownFileType = sourcecode.swift; path = Const.swift; sourceTree = "<group>"; };
		5506CD8F21E5D51F00FAE63C /* PostData.swift */ = {isa = PBXFileReference; lastKnownFileType = sourcecode.swift; path = PostData.swift; sourceTree = "<group>"; };
		5506CD9121E5D65200FAE63C /* PostTableViewCell.swift */ = {isa = PBXFileReference; lastKnownFileType = sourcecode.swift; path = PostTableViewCell.swift; sourceTree = "<group>"; };
		5506CD9221E5D65200FAE63C /* PostTableViewCell.xib */ = {isa = PBXFileReference; lastKnownFileType = file.xib; path = PostTableViewCell.xib; sourceTree = "<group>"; };
		5548490B21DEDB0300C563E0 /* instagram.app */ = {isa = PBXFileReference; explicitFileType = wrapper.application; includeInIndex = 0; path = instagram.app; sourceTree = BUILT_PRODUCTS_DIR; };
		5548490E21DEDB0300C563E0 /* AppDelegate.swift */ = {isa = PBXFileReference; lastKnownFileType = sourcecode.swift; path = AppDelegate.swift; sourceTree = "<group>"; };
		5548491021DEDB0300C563E0 /* ViewController.swift */ = {isa = PBXFileReference; lastKnownFileType = sourcecode.swift; path = ViewController.swift; sourceTree = "<group>"; };
		5548491321DEDB0300C563E0 /* Base */ = {isa = PBXFileReference; lastKnownFileType = file.storyboard; name = Base; path = Base.lproj/Main.storyboard; sourceTree = "<group>"; };
		5548491521DEDB0600C563E0 /* Assets.xcassets */ = {isa = PBXFileReference; lastKnownFileType = folder.assetcatalog; path = Assets.xcassets; sourceTree = "<group>"; };
		5548491821DEDB0600C563E0 /* Base */ = {isa = PBXFileReference; lastKnownFileType = file.storyboard; name = Base; path = Base.lproj/LaunchScreen.storyboard; sourceTree = "<group>"; };
		5548491A21DEDB0600C563E0 /* Info.plist */ = {isa = PBXFileReference; lastKnownFileType = text.plist.xml; path = Info.plist; sourceTree = "<group>"; };
		5548492021DEDB3E00C563E0 /* LoginViewController.swift */ = {isa = PBXFileReference; lastKnownFileType = sourcecode.swift; path = LoginViewController.swift; sourceTree = "<group>"; };
		5548492221DEDB4E00C563E0 /* HomeViewController.swift */ = {isa = PBXFileReference; lastKnownFileType = sourcecode.swift; path = HomeViewController.swift; sourceTree = "<group>"; };
		5548492421DEDB6500C563E0 /* ImageSelectViewController.swift */ = {isa = PBXFileReference; lastKnownFileType = sourcecode.swift; path = ImageSelectViewController.swift; sourceTree = "<group>"; };
		5548492621DEDB7600C563E0 /* PostViewController.swift */ = {isa = PBXFileReference; lastKnownFileType = sourcecode.swift; path = PostViewController.swift; sourceTree = "<group>"; };
		5548492821DEDB8600C563E0 /* SettingViewController.swift */ = {isa = PBXFileReference; lastKnownFileType = sourcecode.swift; path = SettingViewController.swift; sourceTree = "<group>"; };
		8EBDC54E60C5CA4A2E929395 /* Pods-instagram.debug.xcconfig */ = {isa = PBXFileReference; includeInIndex = 1; lastKnownFileType = text.xcconfig; name = "Pods-instagram.debug.xcconfig"; path = "Pods/Target Support Files/Pods-instagram/Pods-instagram.debug.xcconfig"; sourceTree = "<group>"; };
		A04E48E805A61D08C4AC75E6 /* Pods_instagram.framework */ = {isa = PBXFileReference; explicitFileType = wrapper.framework; includeInIndex = 0; path = Pods_instagram.framework; sourceTree = BUILT_PRODUCTS_DIR; };
		C3F7399D014C62D8C9DD9D66 /* Pods-instagram.release.xcconfig */ = {isa = PBXFileReference; includeInIndex = 1; lastKnownFileType = text.xcconfig; name = "Pods-instagram.release.xcconfig"; path = "Pods/Target Support Files/Pods-instagram/Pods-instagram.release.xcconfig"; sourceTree = "<group>"; };
/* End PBXFileReference section */

/* Begin PBXFrameworksBuildPhase section */
		5548490821DEDB0300C563E0 /* Frameworks */ = {
			isa = PBXFrameworksBuildPhase;
			buildActionMask = 2147483647;
			files = (
				AF841F8AF70EBAAC4DBF16E1 /* Pods_instagram.framework in Frameworks */,
			);
			runOnlyForDeploymentPostprocessing = 0;
		};
/* End PBXFrameworksBuildPhase section */

/* Begin PBXGroup section */
		2B81F84841DDD3D2B1C474D7 /* Frameworks */ = {
			isa = PBXGroup;
			children = (
				A04E48E805A61D08C4AC75E6 /* Pods_instagram.framework */,
			);
			name = Frameworks;
			sourceTree = "<group>";
		};
		5548490221DEDB0300C563E0 = {
			isa = PBXGroup;
			children = (
				5548490D21DEDB0300C563E0 /* instagram */,
				5548490C21DEDB0300C563E0 /* Products */,
				87F904C5FA468E80B2126358 /* Pods */,
				2B81F84841DDD3D2B1C474D7 /* Frameworks */,
			);
			sourceTree = "<group>";
		};
		5548490C21DEDB0300C563E0 /* Products */ = {
			isa = PBXGroup;
			children = (
				5548490B21DEDB0300C563E0 /* instagram.app */,
			);
			name = Products;
			sourceTree = "<group>";
		};
		5548490D21DEDB0300C563E0 /* instagram */ = {
			isa = PBXGroup;
			children = (
				5548490E21DEDB0300C563E0 /* AppDelegate.swift */,
				5506CD8D21E5D07900FAE63C /* Const.swift */,
				5548491021DEDB0300C563E0 /* ViewController.swift */,
				5548491221DEDB0300C563E0 /* Main.storyboard */,
				5548491521DEDB0600C563E0 /* Assets.xcassets */,
				5548491721DEDB0600C563E0 /* LaunchScreen.storyboard */,
				5548492021DEDB3E00C563E0 /* LoginViewController.swift */,
				5548492221DEDB4E00C563E0 /* HomeViewController.swift */,
				5548492421DEDB6500C563E0 /* ImageSelectViewController.swift */,
				5548492621DEDB7600C563E0 /* PostViewController.swift */,
				5548492821DEDB8600C563E0 /* SettingViewController.swift */,
				5548491A21DEDB0600C563E0 /* Info.plist */,
				5502B9E521E1AED0009925DE /* GoogleService-Info.plist */,
				5506CD8F21E5D51F00FAE63C /* PostData.swift */,
				5506CD9121E5D65200FAE63C /* PostTableViewCell.swift */,
				5506CD9221E5D65200FAE63C /* PostTableViewCell.xib */,
			);
			path = instagram;
			sourceTree = "<group>";
		};
		87F904C5FA468E80B2126358 /* Pods */ = {
			isa = PBXGroup;
			children = (
				8EBDC54E60C5CA4A2E929395 /* Pods-instagram.debug.xcconfig */,
				C3F7399D014C62D8C9DD9D66 /* Pods-instagram.release.xcconfig */,
			);
			name = Pods;
			sourceTree = "<group>";
		};
/* End PBXGroup section */

/* Begin PBXNativeTarget section */
		5548490A21DEDB0300C563E0 /* instagram */ = {
			isa = PBXNativeTarget;
			buildConfigurationList = 5548491D21DEDB0600C563E0 /* Build configuration list for PBXNativeTarget "instagram" */;
			buildPhases = (
				21185BD75FF17F9CB8CF094E /* [CP] Check Pods Manifest.lock */,
				5548490721DEDB0300C563E0 /* Sources */,
				5548490821DEDB0300C563E0 /* Frameworks */,
				5548490921DEDB0300C563E0 /* Resources */,
				F96EBD99E137AD01BDA8F996 /* [CP] Embed Pods Frameworks */,
			);
			buildRules = (
			);
			dependencies = (
			);
			name = instagram;
			productName = instagram;
			productReference = 5548490B21DEDB0300C563E0 /* instagram.app */;
			productType = "com.apple.product-type.application";
		};
/* End PBXNativeTarget section */

/* Begin PBXProject section */
		5548490321DEDB0300C563E0 /* Project object */ = {
			isa = PBXProject;
			attributes = {
				LastSwiftUpdateCheck = 1000;
				LastUpgradeCheck = 1000;
				ORGANIZATIONNAME = mikitaka.ichizawa;
				TargetAttributes = {
					5548490A21DEDB0300C563E0 = {
						CreatedOnToolsVersion = 10.0;
					};
				};
			};
			buildConfigurationList = 5548490621DEDB0300C563E0 /* Build configuration list for PBXProject "instagram" */;
			compatibilityVersion = "Xcode 9.3";
			developmentRegion = en;
			hasScannedForEncodings = 0;
			knownRegions = (
				en,
				Base,
			);
			mainGroup = 5548490221DEDB0300C563E0;
			productRefGroup = 5548490C21DEDB0300C563E0 /* Products */;
			projectDirPath = "";
			projectRoot = "";
			targets = (
				5548490A21DEDB0300C563E0 /* instagram */,
			);
		};
/* End PBXProject section */

/* Begin PBXResourcesBuildPhase section */
		5548490921DEDB0300C563E0 /* Resources */ = {
			isa = PBXResourcesBuildPhase;
			buildActionMask = 2147483647;
			files = (
				5548491921DEDB0600C563E0 /* LaunchScreen.storyboard in Resources */,
				5506CD9421E5D65200FAE63C /* PostTableViewCell.xib in Resources */,
				5548491621DEDB0600C563E0 /* Assets.xcassets in Resources */,
				5502B9E621E1AED0009925DE /* GoogleService-Info.plist in Resources */,
				5548491421DEDB0300C563E0 /* Main.storyboard in Resources */,
			);
			runOnlyForDeploymentPostprocessing = 0;
		};
/* End PBXResourcesBuildPhase section */

/* Begin PBXShellScriptBuildPhase section */
		21185BD75FF17F9CB8CF094E /* [CP] Check Pods Manifest.lock */ = {
			isa = PBXShellScriptBuildPhase;
			buildActionMask = 2147483647;
			files = (
			);
			inputPaths = (
				"${PODS_PODFILE_DIR_PATH}/Podfile.lock",
				"${PODS_ROOT}/Manifest.lock",
			);
			name = "[CP] Check Pods Manifest.lock";
			outputPaths = (
				"$(DERIVED_FILE_DIR)/Pods-instagram-checkManifestLockResult.txt",
			);
			runOnlyForDeploymentPostprocessing = 0;
			shellPath = /bin/sh;
			shellScript = "diff \"${PODS_PODFILE_DIR_PATH}/Podfile.lock\" \"${PODS_ROOT}/Manifest.lock\" > /dev/null\nif [ $? != 0 ] ; then\n    # print error to STDERR\n    echo \"error: The sandbox is not in sync with the Podfile.lock. Run 'pod install' or update your CocoaPods installation.\" >&2\n    exit 1\nfi\n# This output is used by Xcode 'outputs' to avoid re-running this script phase.\necho \"SUCCESS\" > \"${SCRIPT_OUTPUT_FILE_0}\"\n";
			showEnvVarsInLog = 0;
		};
		F96EBD99E137AD01BDA8F996 /* [CP] Embed Pods Frameworks */ = {
			isa = PBXShellScriptBuildPhase;
			buildActionMask = 2147483647;
			files = (
			);
			inputPaths = (
				"${SRCROOT}/Pods/Target Support Files/Pods-instagram/Pods-instagram-frameworks.sh",
				"${BUILT_PRODUCTS_DIR}/CLImageEditor/CLImageEditor.framework",
				"${BUILT_PRODUCTS_DIR}/ESTabBarController/ESTabBarController.framework",
				"${BUILT_PRODUCTS_DIR}/GTMSessionFetcher/GTMSessionFetcher.framework",
				"${BUILT_PRODUCTS_DIR}/GoogleUtilities/GoogleUtilities.framework",
				"${BUILT_PRODUCTS_DIR}/SVProgressHUD/SVProgressHUD.framework",
				"${BUILT_PRODUCTS_DIR}/leveldb-library/leveldb.framework",
				"${BUILT_PRODUCTS_DIR}/nanopb/nanopb.framework",
			);
			name = "[CP] Embed Pods Frameworks";
			outputPaths = (
				"${TARGET_BUILD_DIR}/${FRAMEWORKS_FOLDER_PATH}/CLImageEditor.framework",
				"${TARGET_BUILD_DIR}/${FRAMEWORKS_FOLDER_PATH}/ESTabBarController.framework",
				"${TARGET_BUILD_DIR}/${FRAMEWORKS_FOLDER_PATH}/GTMSessionFetcher.framework",
				"${TARGET_BUILD_DIR}/${FRAMEWORKS_FOLDER_PATH}/GoogleUtilities.framework",
				"${TARGET_BUILD_DIR}/${FRAMEWORKS_FOLDER_PATH}/SVProgressHUD.framework",
				"${TARGET_BUILD_DIR}/${FRAMEWORKS_FOLDER_PATH}/leveldb.framework",
				"${TARGET_BUILD_DIR}/${FRAMEWORKS_FOLDER_PATH}/nanopb.framework",
			);
			runOnlyForDeploymentPostprocessing = 0;
			shellPath = /bin/sh;
			shellScript = "\"${SRCROOT}/Pods/Target Support Files/Pods-instagram/Pods-instagram-frameworks.sh\"\n";
			showEnvVarsInLog = 0;
		};
/* End PBXShellScriptBuildPhase section */

/* Begin PBXSourcesBuildPhase section */
		5548490721DEDB0300C563E0 /* Sources */ = {
			isa = PBXSourcesBuildPhase;
			buildActionMask = 2147483647;
			files = (
				5548492721DEDB7600C563E0 /* PostViewController.swift in Sources */,
				5506CD9021E5D51F00FAE63C /* PostData.swift in Sources */,
				5548492121DEDB3E00C563E0 /* LoginViewController.swift in Sources */,
				5548491121DEDB0300C563E0 /* ViewController.swift in Sources */,
				5548490F21DEDB0300C563E0 /* AppDelegate.swift in Sources */,
				5548492521DEDB6500C563E0 /* ImageSelectViewController.swift in Sources */,
				5506CD8E21E5D07900FAE63C /* Const.swift in Sources */,
				5506CD9321E5D65200FAE63C /* PostTableViewCell.swift in Sources */,
				5548492921DEDB8600C563E0 /* SettingViewController.swift in Sources */,
				5548492321DEDB4E00C563E0 /* HomeViewController.swift in Sources */,
			);
			runOnlyForDeploymentPostprocessing = 0;
		};
/* End PBXSourcesBuildPhase section */

/* Begin PBXVariantGroup section */
		5548491221DEDB0300C563E0 /* Main.storyboard */ = {
			isa = PBXVariantGroup;
			children = (
				5548491321DEDB0300C563E0 /* Base */,
			);
			name = Main.storyboard;
			sourceTree = "<group>";
		};
		5548491721DEDB0600C563E0 /* LaunchScreen.storyboard */ = {
			isa = PBXVariantGroup;
			children = (
				5548491821DEDB0600C563E0 /* Base */,
			);
			name = LaunchScreen.storyboard;
			sourceTree = "<group>";
		};
/* End PBXVariantGroup section */

/* Begin XCBuildConfiguration section */
		5548491B21DEDB0600C563E0 /* Debug */ = {
			isa = XCBuildConfiguration;
			buildSettings = {
				ALWAYS_SEARCH_USER_PATHS = NO;
				CLANG_ANALYZER_NONNULL = YES;
				CLANG_ANALYZER_NUMBER_OBJECT_CONVERSION = YES_AGGRESSIVE;
				CLANG_CXX_LANGUAGE_STANDARD = "gnu++14";
				CLANG_CXX_LIBRARY = "libc++";
				CLANG_ENABLE_MODULES = YES;
				CLANG_ENABLE_OBJC_ARC = YES;
				CLANG_ENABLE_OBJC_WEAK = YES;
				CLANG_WARN_BLOCK_CAPTURE_AUTORELEASING = YES;
				CLANG_WARN_BOOL_CONVERSION = YES;
				CLANG_WARN_COMMA = YES;
				CLANG_WARN_CONSTANT_CONVERSION = YES;
				CLANG_WARN_DEPRECATED_OBJC_IMPLEMENTATIONS = YES;
				CLANG_WARN_DIRECT_OBJC_ISA_USAGE = YES_ERROR;
				CLANG_WARN_DOCUMENTATION_COMMENTS = YES;
				CLANG_WARN_EMPTY_BODY = YES;
				CLANG_WARN_ENUM_CONVERSION = YES;
				CLANG_WARN_INFINITE_RECURSION = YES;
				CLANG_WARN_INT_CONVERSION = YES;
				CLANG_WARN_NON_LITERAL_NULL_CONVERSION = YES;
				CLANG_WARN_OBJC_IMPLICIT_RETAIN_SELF = YES;
				CLANG_WARN_OBJC_LITERAL_CONVERSION = YES;
				CLANG_WARN_OBJC_ROOT_CLASS = YES_ERROR;
				CLANG_WARN_RANGE_LOOP_ANALYSIS = YES;
				CLANG_WARN_STRICT_PROTOTYPES = YES;
				CLANG_WARN_SUSPICIOUS_MOVE = YES;
				CLANG_WARN_UNGUARDED_AVAILABILITY = YES_AGGRESSIVE;
				CLANG_WARN_UNREACHABLE_CODE = YES;
				CLANG_WARN__DUPLICATE_METHOD_MATCH = YES;
				CODE_SIGN_IDENTITY = "iPhone Developer";
				COPY_PHASE_STRIP = NO;
				DEBUG_INFORMATION_FORMAT = dwarf;
				ENABLE_STRICT_OBJC_MSGSEND = YES;
				ENABLE_TESTABILITY = YES;
				GCC_C_LANGUAGE_STANDARD = gnu11;
				GCC_DYNAMIC_NO_PIC = NO;
				GCC_NO_COMMON_BLOCKS = YES;
				GCC_OPTIMIZATION_LEVEL = 0;
				GCC_PREPROCESSOR_DEFINITIONS = (
					"DEBUG=1",
					"$(inherited)",
				);
				GCC_WARN_64_TO_32_BIT_CONVERSION = YES;
				GCC_WARN_ABOUT_RETURN_TYPE = YES_ERROR;
				GCC_WARN_UNDECLARED_SELECTOR = YES;
				GCC_WARN_UNINITIALIZED_AUTOS = YES_AGGRESSIVE;
				GCC_WARN_UNUSED_FUNCTION = YES;
				GCC_WARN_UNUSED_VARIABLE = YES;
				IPHONEOS_DEPLOYMENT_TARGET = 12.0;
				MTL_ENABLE_DEBUG_INFO = INCLUDE_SOURCE;
				MTL_FAST_MATH = YES;
				ONLY_ACTIVE_ARCH = YES;
				SDKROOT = iphoneos;
				SWIFT_ACTIVE_COMPILATION_CONDITIONS = DEBUG;
				SWIFT_OPTIMIZATION_LEVEL = "-Onone";
			};
			name = Debug;
		};
		5548491C21DEDB0600C563E0 /* Release */ = {
			isa = XCBuildConfiguration;
			buildSettings = {
				ALWAYS_SEARCH_USER_PATHS = NO;
				CLANG_ANALYZER_NONNULL = YES;
				CLANG_ANALYZER_NUMBER_OBJECT_CONVERSION = YES_AGGRESSIVE;
				CLANG_CXX_LANGUAGE_STANDARD = "gnu++14";
				CLANG_CXX_LIBRARY = "libc++";
				CLANG_ENABLE_MODULES = YES;
				CLANG_ENABLE_OBJC_ARC = YES;
				CLANG_ENABLE_OBJC_WEAK = YES;
				CLANG_WARN_BLOCK_CAPTURE_AUTORELEASING = YES;
				CLANG_WARN_BOOL_CONVERSION = YES;
				CLANG_WARN_COMMA = YES;
				CLANG_WARN_CONSTANT_CONVERSION = YES;
				CLANG_WARN_DEPRECATED_OBJC_IMPLEMENTATIONS = YES;
				CLANG_WARN_DIRECT_OBJC_ISA_USAGE = YES_ERROR;
				CLANG_WARN_DOCUMENTATION_COMMENTS = YES;
				CLANG_WARN_EMPTY_BODY = YES;
				CLANG_WARN_ENUM_CONVERSION = YES;
				CLANG_WARN_INFINITE_RECURSION = YES;
				CLANG_WARN_INT_CONVERSION = YES;
				CLANG_WARN_NON_LITERAL_NULL_CONVERSION = YES;
				CLANG_WARN_OBJC_IMPLICIT_RETAIN_SELF = YES;
				CLANG_WARN_OBJC_LITERAL_CONVERSION = YES;
				CLANG_WARN_OBJC_ROOT_CLASS = YES_ERROR;
				CLANG_WARN_RANGE_LOOP_ANALYSIS = YES;
				CLANG_WARN_STRICT_PROTOTYPES = YES;
				CLANG_WARN_SUSPICIOUS_MOVE = YES;
				CLANG_WARN_UNGUARDED_AVAILABILITY = YES_AGGRESSIVE;
				CLANG_WARN_UNREACHABLE_CODE = YES;
				CLANG_WARN__DUPLICATE_METHOD_MATCH = YES;
				CODE_SIGN_IDENTITY = "iPhone Developer";
				COPY_PHASE_STRIP = NO;
				DEBUG_INFORMATION_FORMAT = "dwarf-with-dsym";
				ENABLE_NS_ASSERTIONS = NO;
				ENABLE_STRICT_OBJC_MSGSEND = YES;
				GCC_C_LANGUAGE_STANDARD = gnu11;
				GCC_NO_COMMON_BLOCKS = YES;
				GCC_WARN_64_TO_32_BIT_CONVERSION = YES;
				GCC_WARN_ABOUT_RETURN_TYPE = YES_ERROR;
				GCC_WARN_UNDECLARED_SELECTOR = YES;
				GCC_WARN_UNINITIALIZED_AUTOS = YES_AGGRESSIVE;
				GCC_WARN_UNUSED_FUNCTION = YES;
				GCC_WARN_UNUSED_VARIABLE = YES;
				IPHONEOS_DEPLOYMENT_TARGET = 12.0;
				MTL_ENABLE_DEBUG_INFO = NO;
				MTL_FAST_MATH = YES;
				SDKROOT = iphoneos;
				SWIFT_COMPILATION_MODE = wholemodule;
				SWIFT_OPTIMIZATION_LEVEL = "-O";
				VALIDATE_PRODUCT = YES;
			};
			name = Release;
		};
		5548491E21DEDB0600C563E0 /* Debug */ = {
			isa = XCBuildConfiguration;
			baseConfigurationReference = 8EBDC54E60C5CA4A2E929395 /* Pods-instagram.debug.xcconfig */;
			buildSettings = {
				ASSETCATALOG_COMPILER_APPICON_NAME = AppIcon;
				CODE_SIGN_STYLE = Automatic;
				INFOPLIST_FILE = instagram/Info.plist;
				LD_RUNPATH_SEARCH_PATHS = (
					"$(inherited)",
					"@executable_path/Frameworks",
				);
				PRODUCT_BUNDLE_IDENTIFIER = jp.techacademy.mikitaka.ichizawa.instagram;
				PRODUCT_NAME = "$(TARGET_NAME)";
				SWIFT_VERSION = 4.2;
				TARGETED_DEVICE_FAMILY = 1;
			};
			name = Debug;
		};
		5548491F21DEDB0600C563E0 /* Release */ = {
			isa = XCBuildConfiguration;
			baseConfigurationReference = C3F7399D014C62D8C9DD9D66 /* Pods-instagram.release.xcconfig */;
			buildSettings = {
				ASSETCATALOG_COMPILER_APPICON_NAME = AppIcon;
				CODE_SIGN_STYLE = Automatic;
				INFOPLIST_FILE = instagram/Info.plist;
				LD_RUNPATH_SEARCH_PATHS = (
					"$(inherited)",
					"@executable_path/Frameworks",
				);
				PRODUCT_BUNDLE_IDENTIFIER = jp.techacademy.mikitaka.ichizawa.instagram;
				PRODUCT_NAME = "$(TARGET_NAME)";
				SWIFT_VERSION = 4.2;
				TARGETED_DEVICE_FAMILY = 1;
			};
			name = Release;
		};
/* End XCBuildConfiguration section */

/* Begin XCConfigurationList section */
		5548490621DEDB0300C563E0 /* Build configuration list for PBXProject "instagram" */ = {
			isa = XCConfigurationList;
			buildConfigurations = (
				5548491B21DEDB0600C563E0 /* Debug */,
				5548491C21DEDB0600C563E0 /* Release */,
			);
			defaultConfigurationIsVisible = 0;
			defaultConfigurationName = Release;
		};
		5548491D21DEDB0600C563E0 /* Build configuration list for PBXNativeTarget "instagram" */ = {
			isa = XCConfigurationList;
			buildConfigurations = (
				5548491E21DEDB0600C563E0 /* Debug */,
				5548491F21DEDB0600C563E0 /* Release */,
			);
			defaultConfigurationIsVisible = 0;
			defaultConfigurationName = Release;
		};
/* End XCConfigurationList section */
	};
	rootObject = 5548490321DEDB0300C563E0 /* Project object */;
}
